PODS:
  - MQTTClient/Min (0.15.3)
  - MQTTClient/Websocket (0.15.3):
    - MQTTClient/Min
    - SocketRocket
  - SocketRocket (0.6.0)

DEPENDENCIES:
  - MQTTClient/Websocket (from `../`)

SPEC REPOS:
  https://github.com/CocoaPods/Specs.git:
    - SocketRocket

EXTERNAL SOURCES:
  MQTTClient:
    :path: "../"

SPEC CHECKSUMS:
  MQTTClient: 3212f9fca7a370a1db7c5eb7f4f609cafeb861d3
  SocketRocket: fccef3f9c5cedea1353a9ef6ada904fde10d6608

PODFILE CHECKSUM: 272dd7d386d943bed81ef8528958198b76196e54

COCOAPODS: 1.16.2
